
Microsoft Visual Studio Solution File, Format Version 12.00
# Visual Studio 14
VisualStudioVersion = 14.0.25123.0
MinimumVisualStudioVersion = 10.0.40219.1
Project("{FAE04EC0-301F-11D3-BF4B-00C04F79EFBC}") = "LoLApp.Universal", "LoLApp.Universal\LoLApp.Universal.csproj", "{30122053-85B3-4879-95EF-4DA40D556978}"
EndProject
Project("{FAE04EC0-301F-11D3-BF4B-00C04F79EFBC}") = "LoLApp.Models", "LoLApp.Models\LoLApp.Models.csproj", "{7134889F-FABD-4B68-8632-27036C092053}"
EndProject
Global
	GlobalSection(SolutionConfigurationPlatforms) = preSolution
		Debug|Any CPU = Debug|Any CPU
		Debug|ARM = Debug|ARM
		Debug|x64 = Debug|x64
		Debug|x86 = Debug|x86
		Release|Any CPU = Release|Any CPU
		Release|ARM = Release|ARM
		Release|x64 = Release|x64
		Release|x86 = Release|x86
	EndGlobalSection
	GlobalSection(ProjectConfigurationPlatforms) = postSolution
		{30122053-85B3-4879-95EF-4DA40D556978}.Debug|Any CPU.ActiveCfg = Debug|x86
		{30122053-85B3-4879-95EF-4DA40D556978}.Debug|ARM.ActiveCfg = Debug|ARM
		{30122053-85B3-4879-95EF-4DA40D556978}.Debug|ARM.Build.0 = Debug|ARM
		{30122053-85B3-4879-95EF-4DA40D556978}.Debug|ARM.Deploy.0 = Debug|ARM
		{30122053-85B3-4879-95EF-4DA40D556978}.Debug|x64.ActiveCfg = Debug|x64
		{30122053-85B3-4879-95EF-4DA40D556978}.Debug|x64.Build.0 = Debug|x64
		{30122053-85B3-4879-95EF-4DA40D556978}.Debug|x64.Deploy.0 = Debug|x64
		{30122053-85B3-4879-95EF-4DA40D556978}.Debug|x86.ActiveCfg = Debug|x86
		{30122053-85B3-4879-95EF-4DA40D556978}.Debug|x86.Build.0 = Debug|x86
		{30122053-85B3-4879-95EF-4DA40D556978}.Debug|x86.Deploy.0 = Debug|x86
		{30122053-85B3-4879-95EF-4DA40D556978}.Release|Any CPU.ActiveCfg = Release|x86
		{30122053-85B3-4879-95EF-4DA40D556978}.Release|ARM.ActiveCfg = Release|ARM
		{30122053-85B3-4879-95EF-4DA40D556978}.Release|ARM.Build.0 = Release|ARM
		{30122053-85B3-4879-95EF-4DA40D556978}.Release|ARM.Deploy.0 = Release|ARM
		{30122053-85B3-4879-95EF-4DA40D556978}.Release|x64.ActiveCfg = Release|x64
		{30122053-85B3-4879-95EF-4DA40D556978}.Release|x64.Build.0 = Release|x64
		{30122053-85B3-4879-95EF-4DA40D556978}.Release|x64.Deploy.0 = Release|x64
		{30122053-85B3-4879-95EF-4DA40D556978}.Release|x86.ActiveCfg = Release|x86
		{30122053-85B3-4879-95EF-4DA40D556978}.Release|x86.Build.0 = Release|x86
		{30122053-85B3-4879-95EF-4DA40D556978}.Release|x86.Deploy.0 = Release|x86
		{7134889F-FABD-4B68-8632-27036C092053}.Debug|Any CPU.ActiveCfg = Debug|Any CPU
		{7134889F-FABD-4B68-8632-27036C092053}.Debug|Any CPU.Build.0 = Debug|Any CPU
		{7134889F-FABD-4B68-8632-27036C092053}.Debug|ARM.ActiveCfg = Debug|ARM
		{7134889F-FABD-4B68-8632-27036C092053}.Debug|ARM.Build.0 = Debug|ARM
		{7134889F-FABD-4B68-8632-27036C092053}.Debug|x64.ActiveCfg = Debug|x64
		{7134889F-FABD-4B68-8632-27036C092053}.Debug|x64.Build.0 = Debug|x64
		{7134889F-FABD-4B68-8632-27036C092053}.Debug|x86.ActiveCfg = Debug|x86
		{7134889F-FABD-4B68-8632-27036C092053}.Debug|x86.Build.0 = Debug|x86
		{7134889F-FABD-4B68-8632-27036C092053}.Release|Any CPU.ActiveCfg = Release|Any CPU
		{7134889F-FABD-4B68-8632-27036C092053}.Release|Any CPU.Build.0 = Release|Any CPU
		{7134889F-FABD-4B68-8632-27036C092053}.Release|ARM.ActiveCfg = Release|ARM
		{7134889F-FABD-4B68-8632-27036C092053}.Release|ARM.Build.0 = Release|ARM
		{7134889F-FABD-4B68-8632-27036C092053}.Release|x64.ActiveCfg = Release|x64
		{7134889F-FABD-4B68-8632-27036C092053}.Release|x64.Build.0 = Release|x64
		{7134889F-FABD-4B68-8632-27036C092053}.Release|x86.ActiveCfg = Release|x86
		{7134889F-FABD-4B68-8632-27036C092053}.Release|x86.Build.0 = Release|x86
	EndGlobalSection
	GlobalSection(SolutionProperties) = preSolution
		HideSolutionNode = FALSE
	EndGlobalSection
EndGlobal
